
Microsoft Visual Studio Solution File, Format Version 12.00
# Visual Studio Version 16
VisualStudioVersion = 16.0.29306.81
MinimumVisualStudioVersion = 10.0.40219.1
Project("{FAE04EC0-301F-11D3-BF4B-00C04F79EFBC}") = "HW-19  Task-1", "HW-19\HW-19  Task-1.csproj", "{A44E6C9D-2F99-41E1-A23D-BC320ECB8CD2}"
EndProject
Project("{FAE04EC0-301F-11D3-BF4B-00C04F79EFBC}") = "HW-19  Task-2", "HW-19  Task-2\HW-19  Task-2.csproj", "{C89D4569-A12E-4894-A67A-7C12763B8D93}"
EndProject
Project("{FAE04EC0-301F-11D3-BF4B-00C04F79EFBC}") = "HW-19  Task-3", "HW-19  Task-3\HW-19  Task-3.csproj", "{AA028452-A706-483E-9879-14DE2F6C83EB}"
EndProject
Global
	GlobalSection(SolutionConfigurationPlatforms) = preSolution
		Debug|Any CPU = Debug|Any CPU
		Release|Any CPU = Release|Any CPU
	EndGlobalSection
	GlobalSection(ProjectConfigurationPlatforms) = postSolution
		{A44E6C9D-2F99-41E1-A23D-BC320ECB8CD2}.Debug|Any CPU.ActiveCfg = Debug|Any CPU
		{A44E6C9D-2F99-41E1-A23D-BC320ECB8CD2}.Debug|Any CPU.Build.0 = Debug|Any CPU
		{A44E6C9D-2F99-41E1-A23D-BC320ECB8CD2}.Release|Any CPU.ActiveCfg = Release|Any CPU
		{A44E6C9D-2F99-41E1-A23D-BC320ECB8CD2}.Release|Any CPU.Build.0 = Release|Any CPU
		{C89D4569-A12E-4894-A67A-7C12763B8D93}.Debug|Any CPU.ActiveCfg = Debug|Any CPU
		{C89D4569-A12E-4894-A67A-7C12763B8D93}.Debug|Any CPU.Build.0 = Debug|Any CPU
		{C89D4569-A12E-4894-A67A-7C12763B8D93}.Release|Any CPU.ActiveCfg = Release|Any CPU
		{C89D4569-A12E-4894-A67A-7C12763B8D93}.Release|Any CPU.Build.0 = Release|Any CPU
		{AA028452-A706-483E-9879-14DE2F6C83EB}.Debug|Any CPU.ActiveCfg = Debug|Any CPU
		{AA028452-A706-483E-9879-14DE2F6C83EB}.Debug|Any CPU.Build.0 = Debug|Any CPU
		{AA028452-A706-483E-9879-14DE2F6C83EB}.Release|Any CPU.ActiveCfg = Release|Any CPU
		{AA028452-A706-483E-9879-14DE2F6C83EB}.Release|Any CPU.Build.0 = Release|Any CPU
	EndGlobalSection
	GlobalSection(SolutionProperties) = preSolution
		HideSolutionNode = FALSE
	EndGlobalSection
	GlobalSection(ExtensibilityGlobals) = postSolution
		SolutionGuid = {FC6989A6-ADB1-4F9A-855A-01C0B326AA03}
	EndGlobalSection
EndGlobal
